
Microsoft Visual Studio Solution File, Format Version 12.00
# Visual Studio Version 17
VisualStudioVersion = 17.3.32825.248
MinimumVisualStudioVersion = 10.0.40219.1
Project("{9A19103F-16F7-4668-BE54-9A1E7A4F7556}") = "GR44_Exercise1to4", "Exercise1to4\GR44_Exercise1to4.csproj", "{ABBF5D86-E145-4FC4-9954-61B87878A45C}"
EndProject
Global
	GlobalSection(SolutionConfigurationPlatforms) = preSolution
		Debug|Any CPU = Debug|Any CPU
		Release|Any CPU = Release|Any CPU
	EndGlobalSection
	GlobalSection(ProjectConfigurationPlatforms) = postSolution
		{ABBF5D86-E145-4FC4-9954-61B87878A45C}.Debug|Any CPU.ActiveCfg = Debug|Any CPU
		{ABBF5D86-E145-4FC4-9954-61B87878A45C}.Debug|Any CPU.Build.0 = Debug|Any CPU
		{ABBF5D86-E145-4FC4-9954-61B87878A45C}.Release|Any CPU.ActiveCfg = Release|Any CPU
		{ABBF5D86-E145-4FC4-9954-61B87878A45C}.Release|Any CPU.Build.0 = Release|Any CPU
	EndGlobalSection
	GlobalSection(SolutionProperties) = preSolution
		HideSolutionNode = FALSE
	EndGlobalSection
	GlobalSection(ExtensibilityGlobals) = postSolution
		SolutionGuid = {B3DE31DB-6F64-469A-9983-E21913151FFF}
	EndGlobalSection
EndGlobal
